
Microsoft Visual Studio Solution File, Format Version 12.00
# Visual Studio 14
VisualStudioVersion = 14.0.25420.1
MinimumVisualStudioVersion = 10.0.40219.1
Project("{FAE04EC0-301F-11D3-BF4B-00C04F79EFBC}") = "InterfazG", "InterfazG\InterfazG.csproj", "{E165C830-6EB6-4481-A900-A90CA367482C}"
EndProject
Project("{2150E333-8FDC-42A3-9474-1A3956D46DE8}") = "Solution Items", "Solution Items", "{00D04C7E-AFE0-4982-8BA3-4FF55C0D1832}"
EndProject
Global
	GlobalSection(SolutionConfigurationPlatforms) = preSolution
		Debug|Any CPU = Debug|Any CPU
		Debug|x86 = Debug|x86
		Release|Any CPU = Release|Any CPU
		Release|x86 = Release|x86
	EndGlobalSection
	GlobalSection(ProjectConfigurationPlatforms) = postSolution
		{E165C830-6EB6-4481-A900-A90CA367482C}.Debug|Any CPU.ActiveCfg = Debug|Any CPU
		{E165C830-6EB6-4481-A900-A90CA367482C}.Debug|Any CPU.Build.0 = Debug|Any CPU
		{E165C830-6EB6-4481-A900-A90CA367482C}.Debug|x86.ActiveCfg = Debug|Any CPU
		{E165C830-6EB6-4481-A900-A90CA367482C}.Debug|x86.Build.0 = Debug|Any CPU
		{E165C830-6EB6-4481-A900-A90CA367482C}.Release|Any CPU.ActiveCfg = Release|Any CPU
		{E165C830-6EB6-4481-A900-A90CA367482C}.Release|Any CPU.Build.0 = Release|Any CPU
		{E165C830-6EB6-4481-A900-A90CA367482C}.Release|x86.ActiveCfg = Release|Any CPU
		{E165C830-6EB6-4481-A900-A90CA367482C}.Release|x86.Build.0 = Release|Any CPU
	EndGlobalSection
	GlobalSection(SolutionProperties) = preSolution
		HideSolutionNode = FALSE
	EndGlobalSection
EndGlobal
